# This file was autogenerated by Stack.
# You should not edit this file by hand.
# For more information, please see the documentation at:
#   https://docs.haskellstack.org/en/stable/topics/lock_files

packages:
- completed:
    commit: c4a6445aa7d1f73098a5f5c4a98aec8f0f679c1c
    git: https://github.com/Zekt/galois-field.git
    name: galois-field
    pantry-tree:
      sha256: 3db57c9c5db30b6baa75797936279d6bb9e9051cb288ab2661649737debab69d
      size: 4656
    version: 1.0.4
  original:
    commit: c4a6445aa7d1f73098a5f5c4a98aec8f0f679c1c
    git: https://github.com/Zekt/galois-field.git
- completed:
    commit: 735fc9bdaa63964feb6a312258e8499aec497133
    git: https://github.com/Zekt/keelung.git
    name: keelung
    pantry-tree:
      sha256: 277fd6054bcef118de6cf3d3e968bbdf93bfe625eb8b59eb126ab18eb3b94ed2
      size: 2158
    version: 0.26.1
  original:
    commit: 735fc9bdaa63964feb6a312258e8499aec497133
    git: https://github.com/Zekt/keelung.git
snapshots:
- completed:
    sha256: 7e724f347d5969cb5e8dde9f9aae30996e3231c29d1dafd45f21f1700d4c4fcb
    size: 684460
    url: https://raw.githubusercontent.com/commercialhaskell/stackage-snapshots/master/lts/23/28.yaml
  original: lts-23.28
